// !$*UTF8*$!
{
	archiveVersion = 1;
	classes = {
	};
	objectVersion = 77;
	objects = {

/* Begin PBXContainerItemProxy section */
		37EBDDA02F46083E00C762B2 /* PBXContainerItemProxy */ = {
			isa = PBXContainerItemProxy;
			containerPortal = 37EBDD8A2F46083C00C762B2 /* Project object */;
			proxyType = 1;
			remoteGlobalIDString = 37EBDD912F46083C00C762B2;
			remoteInfo = CarController;
		};
		37EBDDAA2F46083E00C762B2 /* PBXContainerItemProxy */ = {
			isa = PBXContainerItemProxy;
			containerPortal = 37EBDD8A2F46083C00C762B2 /* Project object */;
			proxyType = 1;
			remoteGlobalIDString = 37EBDD912F46083C00C762B2;
			remoteInfo = CarController;
		};
/* End PBXContainerItemProxy section */

/* Begin PBXFileReference section */
		37EBDD922F46083C00C762B2 /* CarController.app */ = {isa = PBXFileReference; explicitFileType = wrapper.application; includeInIndex = 0; path = CarController.app; sourceTree = BUILT_PRODUCTS_DIR; };
		37EBDD9F2F46083E00C762B2 /* CarControllerTests.xctest */ = {isa = PBXFileReference; explicitFileType = wrapper.cfbundle; includeInIndex = 0; path = CarControllerTests.xctest; sourceTree = BUILT_PRODUCTS_DIR; };
		37EBDDA92F46083E00C762B2 /* CarControllerUITests.xctest */ = {isa = PBXFileReference; explicitFileType = wrapper.cfbundle; includeInIndex = 0; path = CarControllerUITests.xctest; sourceTree = BUILT_PRODUCTS_DIR; };
/* End PBXFileReference section */

/* Begin PBXFileSystemSynchronizedRootGroup section */
		37EBDD942F46083C00C762B2 /* CarController */ = {
			isa = PBXFileSystemSynchronizedRootGroup;
			path = CarController;
			sourceTree = "<group>";
		};
		37EBDDA22F46083E00C762B2 /* CarControllerTests */ = {
			isa = PBXFileSystemSynchronizedRootGroup;
			path = CarControllerTests;
			sourceTree = "<group>";
		};
		37EBDDAC2F46083E00C762B2 /* CarControllerUITests */ = {
			isa = PBXFileSystemSynchronizedRootGroup;
			path = CarControllerUITests;
			sourceTree = "<group>";
		};
/* End PBXFileSystemSynchronizedRootGroup section */

/* Begin PBXFrameworksBuildPhase section */
		37EBDD8F2F46083C00C762B2 /* Frameworks */ = {
			isa = PBXFrameworksBuildPhase;
			buildActionMask = 2147483647;
			files = (
			);
			runOnlyForDeploymentPostprocessing = 0;
		};
		37EBDD9C2F46083E00C762B2 /* Frameworks */ = {
			isa = PBXFrameworksBuildPhase;
			buildActionMask = 2147483647;
			files = (
			);
			runOnlyForDeploymentPostprocessing = 0;
		};
		37EBDDA62F46083E00C762B2 /* Frameworks */ = {
			isa = PBXFrameworksBuildPhase;
			buildActionMask = 2147483647;
			files = (
			);
			runOnlyForDeploymentPostprocessing = 0;
		};
/* End PBXFrameworksBuildPhase section */

/* Begin PBXGroup section */
		37EBDD892F46083C00C762B2 = {
			isa = PBXGroup;
			children = (
				37EBDD942F46083C00C762B2 /* CarController */,
				37EBDDA22F46083E00C762B2 /* CarControllerTests */,
				37EBDDAC2F46083E00C762B2 /* CarControllerUITests */,
				37EBDD932F46083C00C762B2 /* Products */,
			);
			sourceTree = "<group>";
		};
		37EBDD932F46083C00C762B2 /* Products */ = {
			isa = PBXGroup;
			children = (
				37EBDD922F46083C00C762B2 /* CarController.app */,
				37EBDD9F2F46083E00C762B2 /* CarControllerTests.xctest */,
				37EBDDA92F46083E00C762B2 /* CarControllerUITests.xctest */,
			);
			name = Products;
			sourceTree = "<group>";
		};
/* End PBXGroup section */

/* Begin PBXNativeTarget section */
		37EBDD912F46083C00C762B2 /* CarController */ = {
			isa = PBXNativeTarget;
			buildConfigurationList = 37EBDDB32F46083E00C762B2 /* Build configuration list for PBXNativeTarget "CarController" */;
			buildPhases = (
				37EBDD8E2F46083C00C762B2 /* Sources */,
				37EBDD8F2F46083C00C762B2 /* Frameworks */,
				37EBDD902F46083C00C762B2 /* Resources */,
			);
			buildRules = (
			);
			dependencies = (
			);
			fileSystemSynchronizedGroups = (
				37EBDD942F46083C00C762B2 /* CarController */,
			);
			name = CarController;
			packageProductDependencies = (
			);
			productName = CarController;
			productReference = 37EBDD922F46083C00C762B2 /* CarController.app */;
			productType = "com.apple.product-type.application";
		};
		37EBDD9E2F46083E00C762B2 /* CarControllerTests */ = {
			isa = PBXNativeTarget;
			buildConfigurationList = 37EBDDB62F46083E00C762B2 /* Build configuration list for PBXNativeTarget "CarControllerTests" */;
			buildPhases = (
				37EBDD9B2F46083E00C762B2 /* Sources */,
				37EBDD9C2F46083E00C762B2 /* Frameworks */,
				37EBDD9D2F46083E00C762B2 /* Resources */,
			);
			buildRules = (
			);
			dependencies = (
				37EBDDA12F46083E00C762B2 /* PBXTargetDependency */,
			);
			fileSystemSynchronizedGroups = (
				37EBDDA22F46083E00C762B2 /* CarControllerTests */,
			);
			name = CarControllerTests;
			packageProductDependencies = (
			);
			productName = CarControllerTests;
			productReference = 37EBDD9F2F46083E00C762B2 /* CarControllerTests.xctest */;
			productType = "com.apple.product-type.bundle.unit-test";
		};
		37EBDDA82F46083E00C762B2 /* CarControllerUITests */ = {
			isa = PBXNativeTarget;
			buildConfigurationList = 37EBDDB92F46083E00C762B2 /* Build configuration list for PBXNativeTarget "CarControllerUITests" */;
			buildPhases = (
				37EBDDA52F46083E00C762B2 /* Sources */,
				37EBDDA62F46083E00C762B2 /* Frameworks */,
				37EBDDA72F46083E00C762B2 /* Resources */,
			);
			buildRules = (
			);
			dependencies = (
				37EBDDAB2F46083E00C762B2 /* PBXTargetDependency */,
			);
			fileSystemSynchronizedGroups = (
				37EBDDAC2F46083E00C762B2 /* CarControllerUITests */,
			);
			name = CarControllerUITests;
			packageProductDependencies = (
			);
			productName = CarControllerUITests;
			productReference = 37EBDDA92F46083E00C762B2 /* CarControllerUITests.xctest */;
			productType = "com.apple.product-type.bundle.ui-testing";
		};
/* End PBXNativeTarget section */

/* Begin PBXProject section */
		37EBDD8A2F46083C00C762B2 /* Project object */ = {
			isa = PBXProject;
			attributes = {
				BuildIndependentTargetsInParallel = 1;
				LastSwiftUpdateCheck = 1640;
				LastUpgradeCheck = 1640;
				TargetAttributes = {
					37EBDD912F46083C00C762B2 = {
						CreatedOnToolsVersion = 16.4;
					};
					37EBDD9E2F46083E00C762B2 = {
						CreatedOnToolsVersion = 16.4;
						TestTargetID = 37EBDD912F46083C00C762B2;
					};
					37EBDDA82F46083E00C762B2 = {
						CreatedOnToolsVersion = 16.4;
						TestTargetID = 37EBDD912F46083C00C762B2;
					};
				};
			};
			buildConfigurationList = 37EBDD8D2F46083C00C762B2 /* Build configuration list for PBXProject "CarController" */;
			developmentRegion = en;
			hasScannedForEncodings = 0;
			knownRegions = (
				en,
				Base,
			);
			mainGroup = 37EBDD892F46083C00C762B2;
			minimizedProjectReferenceProxies = 1;
			preferredProjectObjectVersion = 77;
			productRefGroup = 37EBDD932F46083C00C762B2 /* Products */;
			projectDirPath = "";
			projectRoot = "";
			targets = (
				37EBDD912F46083C00C762B2 /* CarController */,
				37EBDD9E2F46083E00C762B2 /* CarControllerTests */,
				37EBDDA82F46083E00C762B2 /* CarControllerUITests */,
			);
		};
/* End PBXProject section */

/* Begin PBXResourcesBuildPhase section */
		37EBDD902F46083C00C762B2 /* Resources */ = {
			isa = PBXResourcesBuildPhase;
			buildActionMask = 2147483647;
			files = (
			);
			runOnlyForDeploymentPostprocessing = 0;
		};
		37EBDD9D2F46083E00C762B2 /* Resources */ = {
			isa = PBXResourcesBuildPhase;
			buildActionMask = 2147483647;
			files = (
			);
			runOnlyForDeploymentPostprocessing = 0;
		};
		37EBDDA72F46083E00C762B2 /* Resources */ = {
			isa = PBXResourcesBuildPhase;
			buildActionMask = 2147483647;
			files = (
			);
			runOnlyForDeploymentPostprocessing = 0;
		};
/* End PBXResourcesBuildPhase section */

/* Begin PBXSourcesBuildPhase section */
		37EBDD8E2F46083C00C762B2 /* Sources */ = {
			isa = PBXSourcesBuildPhase;
			buildActionMask = 2147483647;
			files = (
			);
			runOnlyForDeploymentPostprocessing = 0;
		};
		37EBDD9B2F46083E00C762B2 /* Sources */ = {
			isa = PBXSourcesBuildPhase;
			buildActionMask = 2147483647;
			files = (
			);
			runOnlyForDeploymentPostprocessing = 0;
		};
		37EBDDA52F46083E00C762B2 /* Sources */ = {
			isa = PBXSourcesBuildPhase;
			buildActionMask = 2147483647;
			files = (
			);
			runOnlyForDeploymentPostprocessing = 0;
		};
/* End PBXSourcesBuildPhase section */

/* Begin PBXTargetDependency section */
		37EBDDA12F46083E00C762B2 /* PBXTargetDependency */ = {
			isa = PBXTargetDependency;
			target = 37EBDD912F46083C00C762B2 /* CarController */;
			targetProxy = 37EBDDA02F46083E00C762B2 /* PBXContainerItemProxy */;
		};
		37EBDDAB2F46083E00C762B2 /* PBXTargetDependency */ = {
			isa = PBXTargetDependency;
			target = 37EBDD912F46083C00C762B2 /* CarController */;
			targetProxy = 37EBDDAA2F46083E00C762B2 /* PBXContainerItemProxy */;
		};
/* End PBXTargetDependency section */

/* Begin XCBuildConfiguration section */
		37EBDDB12F46083E00C762B2 /* Debug */ = {
			isa = XCBuildConfiguration;
			buildSettings = {
				ALWAYS_SEARCH_USER_PATHS = NO;
				ASSETCATALOG_COMPILER_GENERATE_SWIFT_ASSET_SYMBOL_EXTENSIONS = YES;
				CLANG_ANALYZER_NONNULL = YES;
				CLANG_ANALYZER_NUMBER_OBJECT_CONVERSION = YES_AGGRESSIVE;
				CLANG_CXX_LANGUAGE_STANDARD = "gnu++20";
				CLANG_ENABLE_MODULES = YES;
				CLANG_ENABLE_OBJC_ARC = YES;
				CLANG_ENABLE_OBJC_WEAK = YES;
				CLANG_WARN_BLOCK_CAPTURE_AUTORELEASING = YES;
				CLANG_WARN_BOOL_CONVERSION = YES;
				CLANG_WARN_COMMA = YES;
				CLANG_WARN_CONSTANT_CONVERSION = YES;
				CLANG_WARN_DEPRECATED_OBJC_IMPLEMENTATIONS = YES;
				CLANG_WARN_DIRECT_OBJC_ISA_USAGE = YES_ERROR;
				CLANG_WARN_DOCUMENTATION_COMMENTS = YES;
				CLANG_WARN_EMPTY_BODY = YES;
				CLANG_WARN_ENUM_CONVERSION = YES;
				CLANG_WARN_INFINITE_RECURSION = YES;
				CLANG_WARN_INT_CONVERSION = YES;
				CLANG_WARN_NON_LITERAL_NULL_CONVERSION = YES;
				CLANG_WARN_OBJC_IMPLICIT_RETAIN_SELF = YES;
				CLANG_WARN_OBJC_LITERAL_CONVERSION = YES;
				CLANG_WARN_OBJC_ROOT_CLASS = YES_ERROR;
				CLANG_WARN_QUOTED_INCLUDE_IN_FRAMEWORK_HEADER = YES;
				CLANG_WARN_RANGE_LOOP_ANALYSIS = YES;
				CLANG_WARN_STRICT_PROTOTYPES = YES;
				CLANG_WARN_SUSPICIOUS_MOVE = YES;
				CLANG_WARN_UNGUARDED_AVAILABILITY = YES_AGGRESSIVE;
				CLANG_WARN_UNREACHABLE_CODE = YES;
				CLANG_WARN__DUPLICATE_METHOD_MATCH = YES;
				COPY_PHASE_STRIP = NO;
				DEBUG_INFORMATION_FORMAT = dwarf;
				ENABLE_STRICT_OBJC_MSGSEND = YES;
				ENABLE_TESTABILITY = YES;
				ENABLE_USER_SCRIPT_SANDBOXING = YES;
				GCC_C_LANGUAGE_STANDARD = gnu17;
				GCC_DYNAMIC_NO_PIC = NO;
				GCC_NO_COMMON_BLOCKS = YES;
				GCC_OPTIMIZATION_LEVEL = 0;
				GCC_PREPROCESSOR_DEFINITIONS = (
					"DEBUG=1",
					"$(inherited)",
				);
				GCC_WARN_64_TO_32_BIT_CONVERSION = YES;
				GCC_WARN_ABOUT_RETURN_TYPE = YES_ERROR;
				GCC_WARN_UNDECLARED_SELECTOR = YES;
				GCC_WARN_UNINITIALIZED_AUTOS = YES_AGGRESSIVE;
				GCC_WARN_UNUSED_FUNCTION = YES;
				GCC_WARN_UNUSED_VARIABLE = YES;
				IPHONEOS_DEPLOYMENT_TARGET = 16.6;
				LOCALIZATION_PREFERS_STRING_CATALOGS = YES;
				MTL_ENABLE_DEBUG_INFO = INCLUDE_SOURCE;
				MTL_FAST_MATH = YES;
				ONLY_ACTIVE_ARCH = YES;
				SDKROOT = iphoneos;
				SWIFT_ACTIVE_COMPILATION_CONDITIONS = "DEBUG $(inherited)";
				SWIFT_OPTIMIZATION_LEVEL = "-Onone";
			};
			name = Debug;
		};
		37EBDDB22F46083E00C762B2 /* Release */ = {
			isa = XCBuildConfiguration;
			buildSettings = {
				ALWAYS_SEARCH_USER_PATHS = NO;
				ASSETCATALOG_COMPILER_GENERATE_SWIFT_ASSET_SYMBOL_EXTENSIONS = YES;
				CLANG_ANALYZER_NONNULL = YES;
				CLANG_ANALYZER_NUMBER_OBJECT_CONVERSION = YES_AGGRESSIVE;
				CLANG_CXX_LANGUAGE_STANDARD = "gnu++20";
				CLANG_ENABLE_MODULES = YES;
				CLANG_ENABLE_OBJC_ARC = YES;
				CLANG_ENABLE_OBJC_WEAK = YES;
				CLANG_WARN_BLOCK_CAPTURE_AUTORELEASING = YES;
				CLANG_WARN_BOOL_CONVERSION = YES;
				CLANG_WARN_COMMA = YES;
				CLANG_WARN_CONSTANT_CONVERSION = YES;
				CLANG_WARN_DEPRECATED_OBJC_IMPLEMENTATIONS = YES;
				CLANG_WARN_DIRECT_OBJC_ISA_USAGE = YES_ERROR;
				CLANG_WARN_DOCUMENTATION_COMMENTS = YES;
				CLANG_WARN_EMPTY_BODY = YES;
				CLANG_WARN_ENUM_CONVERSION = YES;
				CLANG_WARN_INFINITE_RECURSION = YES;
				CLANG_WARN_INT_CONVERSION = YES;
				CLANG_WARN_NON_LITERAL_NULL_CONVERSION = YES;
				CLANG_WARN_OBJC_IMPLICIT_RETAIN_SELF = YES;
				CLANG_WARN_OBJC_LITERAL_CONVERSION = YES;
				CLANG_WARN_OBJC_ROOT_CLASS = YES_ERROR;
				CLANG_WARN_QUOTED_INCLUDE_IN_FRAMEWORK_HEADER = YES;
				CLANG_WARN_RANGE_LOOP_ANALYSIS = YES;
				CLANG_WARN_STRICT_PROTOTYPES = YES;
				CLANG_WARN_SUSPICIOUS_MOVE = YES;
				CLANG_WARN_UNGUARDED_AVAILABILITY = YES_AGGRESSIVE;
				CLANG_WARN_UNREACHABLE_CODE = YES;
				CLANG_WARN__DUPLICATE_METHOD_MATCH = YES;
				COPY_PHASE_STRIP = NO;
				DEBUG_INFORMATION_FORMAT = "dwarf-with-dsym";
				ENABLE_NS_ASSERTIONS = NO;
				ENABLE_STRICT_OBJC_MSGSEND = YES;
				ENABLE_USER_SCRIPT_SANDBOXING = YES;
				GCC_C_LANGUAGE_STANDARD = gnu17;
				GCC_NO_COMMON_BLOCKS = YES;
				GCC_WARN_64_TO_32_BIT_CONVERSION = YES;
				GCC_WARN_ABOUT_RETURN_TYPE = YES_ERROR;
				GCC_WARN_UNDECLARED_SELECTOR = YES;
				GCC_WARN_UNINITIALIZED_AUTOS = YES_AGGRESSIVE;
				GCC_WARN_UNUSED_FUNCTION = YES;
				GCC_WARN_UNUSED_VARIABLE = YES;
				IPHONEOS_DEPLOYMENT_TARGET = 16.6;
				LOCALIZATION_PREFERS_STRING_CATALOGS = YES;
				MTL_ENABLE_DEBUG_INFO = NO;
				MTL_FAST_MATH = YES;
				SDKROOT = iphoneos;
				SWIFT_COMPILATION_MODE = wholemodule;
				VALIDATE_PRODUCT = YES;
			};
			name = Release;
		};
		37EBDDB42F46083E00C762B2 /* Debug */ = {
			isa = XCBuildConfiguration;
			buildSettings = {
				ASSETCATALOG_COMPILER_APPICON_NAME = AppIcon;
				ASSETCATALOG_COMPILER_GLOBAL_ACCENT_COLOR_NAME = AccentColor;
				CODE_SIGN_STYLE = Automatic;
				CURRENT_PROJECT_VERSION = 1;
				DEVELOPMENT_TEAM = XUWHD3UNUW;
				ENABLE_PREVIEWS = YES;
				GENERATE_INFOPLIST_FILE = YES;
				INFOPLIST_KEY_NSBluetoothAlwaysUsageDescription = "Uses Bluetooth to connect to RC car.";
				INFOPLIST_KEY_NSMicrophoneUsageDescription = "Streams microphone audio to RC car.";
				INFOPLIST_KEY_NSSpeechRecognitionUsageDescription = "Uses speech recognition for voice control.";
				INFOPLIST_KEY_UIApplicationSceneManifest_Generation = YES;
				INFOPLIST_KEY_UIApplicationSupportsIndirectInputEvents = YES;
				INFOPLIST_KEY_UILaunchScreen_Generation = YES;
				INFOPLIST_KEY_UISupportedInterfaceOrientations_iPad = "UIInterfaceOrientationLandscapeLeft UIInterfaceOrientationLandscapeRight UIInterfaceOrientationPortraitUpsideDown UIInterfaceOrientationPortrait";
				INFOPLIST_KEY_UISupportedInterfaceOrientations_iPhone = "UIInterfaceOrientationLandscapeLeft UIInterfaceOrientationLandscapeRight UIInterfaceOrientationPortraitUpsideDown UIInterfaceOrientationPortrait";
				IPHONEOS_DEPLOYMENT_TARGET = 16.1;
				LD_RUNPATH_SEARCH_PATHS = (
					"$(inherited)",
					"@executable_path/Frameworks",
				);
				MARKETING_VERSION = 1.0;
				PRODUCT_BUNDLE_IDENTIFIER = cs489.CarController;
				PRODUCT_NAME = "$(TARGET_NAME)";
				SWIFT_EMIT_LOC_STRINGS = YES;
				SWIFT_VERSION = 5.0;
				TARGETED_DEVICE_FAMILY = "1,2";
			};
			name = Debug;
		};
		37EBDDB52F46083E00C762B2 /* Release */ = {
			isa = XCBuildConfiguration;
			buildSettings = {
				ASSETCATALOG_COMPILER_APPICON_NAME = AppIcon;
				ASSETCATALOG_COMPILER_GLOBAL_ACCENT_COLOR_NAME = AccentColor;
				CODE_SIGN_STYLE = Automatic;
				CURRENT_PROJECT_VERSION = 1;
				DEVELOPMENT_TEAM = XUWHD3UNUW;
				ENABLE_PREVIEWS = YES;
				GENERATE_INFOPLIST_FILE = YES;
				INFOPLIST_KEY_NSBluetoothAlwaysUsageDescription = "Uses Bluetooth to connect to RC car.";
				INFOPLIST_KEY_NSMicrophoneUsageDescription = "Streams microphone audio to RC car.";
				INFOPLIST_KEY_NSSpeechRecognitionUsageDescription = "Uses speech recognition for voice control.";
				INFOPLIST_KEY_UIApplicationSceneManifest_Generation = YES;
				INFOPLIST_KEY_UIApplicationSupportsIndirectInputEvents = YES;
				INFOPLIST_KEY_UILaunchScreen_Generation = YES;
				INFOPLIST_KEY_UISupportedInterfaceOrientations_iPad = "UIInterfaceOrientationLandscapeLeft UIInterfaceOrientationLandscapeRight UIInterfaceOrientationPortraitUpsideDown UIInterfaceOrientationPortrait";
				INFOPLIST_KEY_UISupportedInterfaceOrientations_iPhone = "UIInterfaceOrientationLandscapeLeft UIInterfaceOrientationLandscapeRight UIInterfaceOrientationPortraitUpsideDown UIInterfaceOrientationPortrait";
				IPHONEOS_DEPLOYMENT_TARGET = 16.1;
				LD_RUNPATH_SEARCH_PATHS = (
					"$(inherited)",
					"@executable_path/Frameworks",
				);
				MARKETING_VERSION = 1.0;
				PRODUCT_BUNDLE_IDENTIFIER = cs489.CarController;
				PRODUCT_NAME = "$(TARGET_NAME)";
				SWIFT_EMIT_LOC_STRINGS = YES;
				SWIFT_VERSION = 5.0;
				TARGETED_DEVICE_FAMILY = "1,2";
			};
			name = Release;
		};
		37EBDDB72F46083E00C762B2 /* Debug */ = {
			isa = XCBuildConfiguration;
			buildSettings = {
				BUNDLE_LOADER = "$(TEST_HOST)";
				CODE_SIGN_STYLE = Automatic;
				CURRENT_PROJECT_VERSION = 1;
				GENERATE_INFOPLIST_FILE = YES;
				IPHONEOS_DEPLOYMENT_TARGET = 16.1;
				MARKETING_VERSION = 1.0;
				PRODUCT_BUNDLE_IDENTIFIER = cs489.CarControllerTests;
				PRODUCT_NAME = "$(TARGET_NAME)";
				SWIFT_EMIT_LOC_STRINGS = NO;
				SWIFT_VERSION = 5.0;
				TARGETED_DEVICE_FAMILY = "1,2";
				TEST_HOST = "$(BUILT_PRODUCTS_DIR)/CarController.app/$(BUNDLE_EXECUTABLE_FOLDER_PATH)/CarController";
			};
			name = Debug;
		};
		37EBDDB82F46083E00C762B2 /* Release */ = {
			isa = XCBuildConfiguration;
			buildSettings = {
				BUNDLE_LOADER = "$(TEST_HOST)";
				CODE_SIGN_STYLE = Automatic;
				CURRENT_PROJECT_VERSION = 1;
				GENERATE_INFOPLIST_FILE = YES;
				IPHONEOS_DEPLOYMENT_TARGET = 16.1;
				MARKETING_VERSION = 1.0;
				PRODUCT_BUNDLE_IDENTIFIER = cs489.CarControllerTests;
				PRODUCT_NAME = "$(TARGET_NAME)";
				SWIFT_EMIT_LOC_STRINGS = NO;
				SWIFT_VERSION = 5.0;
				TARGETED_DEVICE_FAMILY = "1,2";
				TEST_HOST = "$(BUILT_PRODUCTS_DIR)/CarController.app/$(BUNDLE_EXECUTABLE_FOLDER_PATH)/CarController";
			};
			name = Release;
		};
		37EBDDBA2F46083E00C762B2 /* Debug */ = {
			isa = XCBuildConfiguration;
			buildSettings = {
				CODE_SIGN_STYLE = Automatic;
				CURRENT_PROJECT_VERSION = 1;
				GENERATE_INFOPLIST_FILE = YES;
				IPHONEOS_DEPLOYMENT_TARGET = 16.1;
				MARKETING_VERSION = 1.0;
				PRODUCT_BUNDLE_IDENTIFIER = cs489.CarControllerUITests;
				PRODUCT_NAME = "$(TARGET_NAME)";
				SWIFT_EMIT_LOC_STRINGS = NO;
				SWIFT_VERSION = 5.0;
				TARGETED_DEVICE_FAMILY = "1,2";
				TEST_TARGET_NAME = CarController;
			};
			name = Debug;
		};
		37EBDDBB2F46083E00C762B2 /* Release */ = {
			isa = XCBuildConfiguration;
			buildSettings = {
				CODE_SIGN_STYLE = Automatic;
				CURRENT_PROJECT_VERSION = 1;
				GENERATE_INFOPLIST_FILE = YES;
				IPHONEOS_DEPLOYMENT_TARGET = 16.1;
				MARKETING_VERSION = 1.0;
				PRODUCT_BUNDLE_IDENTIFIER = cs489.CarControllerUITests;
				PRODUCT_NAME = "$(TARGET_NAME)";
				SWIFT_EMIT_LOC_STRINGS = NO;
				SWIFT_VERSION = 5.0;
				TARGETED_DEVICE_FAMILY = "1,2";
				TEST_TARGET_NAME = CarController;
			};
			name = Release;
		};
/* End XCBuildConfiguration section */

/* Begin XCConfigurationList section */
		37EBDD8D2F46083C00C762B2 /* Build configuration list for PBXProject "CarController" */ = {
			isa = XCConfigurationList;
			buildConfigurations = (
				37EBDDB12F46083E00C762B2 /* Debug */,
				37EBDDB22F46083E00C762B2 /* Release */,
			);
			defaultConfigurationIsVisible = 0;
			defaultConfigurationName = Release;
		};
		37EBDDB32F46083E00C762B2 /* Build configuration list for PBXNativeTarget "CarController" */ = {
			isa = XCConfigurationList;
			buildConfigurations = (
				37EBDDB42F46083E00C762B2 /* Debug */,
				37EBDDB52F46083E00C762B2 /* Release */,
			);
			defaultConfigurationIsVisible = 0;
			defaultConfigurationName = Release;
		};
		37EBDDB62F46083E00C762B2 /* Build configuration list for PBXNativeTarget "CarControllerTests" */ = {
			isa = XCConfigurationList;
			buildConfigurations = (
				37EBDDB72F46083E00C762B2 /* Debug */,
				37EBDDB82F46083E00C762B2 /* Release */,
			);
			defaultConfigurationIsVisible = 0;
			defaultConfigurationName = Release;
		};
		37EBDDB92F46083E00C762B2 /* Build configuration list for PBXNativeTarget "CarControllerUITests" */ = {
			isa = XCConfigurationList;
			buildConfigurations = (
				37EBDDBA2F46083E00C762B2 /* Debug */,
				37EBDDBB2F46083E00C762B2 /* Release */,
			);
			defaultConfigurationIsVisible = 0;
			defaultConfigurationName = Release;
		};
/* End XCConfigurationList section */
	};
	rootObject = 37EBDD8A2F46083C00C762B2 /* Project object */;
}
